// !$*UTF8*$!
{
	archiveVersion = 1;
	classes = {
	};
	objectVersion = 46;
	objects = {

/* Begin PBXBuildFile section */
		772441E91A229F6A0092ACAA /* AppDelegate.swift in Sources */ = {isa = PBXBuildFile; fileRef = 772441E81A229F6A0092ACAA /* AppDelegate.swift */; };
		772441EB1A229F6A0092ACAA /* ViewController.swift in Sources */ = {isa = PBXBuildFile; fileRef = 772441EA1A229F6A0092ACAA /* ViewController.swift */; };
		772441EE1A229F6A0092ACAA /* Main.storyboard in Resources */ = {isa = PBXBuildFile; fileRef = 772441EC1A229F6A0092ACAA /* Main.storyboard */; };
		772441F01A229F6A0092ACAA /* Images.xcassets in Resources */ = {isa = PBXBuildFile; fileRef = 772441EF1A229F6A0092ACAA /* Images.xcassets */; };
		772441F31A229F6A0092ACAA /* LaunchScreen.xib in Resources */ = {isa = PBXBuildFile; fileRef = 772441F11A229F6A0092ACAA /* LaunchScreen.xib */; };
		772441FF1A229F6A0092ACAA /* NeedsTests.swift in Sources */ = {isa = PBXBuildFile; fileRef = 772441FE1A229F6A0092ACAA /* NeedsTests.swift */; };
/* End PBXBuildFile section */

/* Begin PBXContainerItemProxy section */
		772441F91A229F6A0092ACAA /* PBXContainerItemProxy */ = {
			isa = PBXContainerItemProxy;
			containerPortal = 772441DB1A229F6A0092ACAA /* Project object */;
			proxyType = 1;
			remoteGlobalIDString = 772441E21A229F6A0092ACAA;
			remoteInfo = Needs;
		};
/* End PBXContainerItemProxy section */

/* Begin PBXFileReference section */
		772441E31A229F6A0092ACAA /* Needs.app */ = {isa = PBXFileReference; explicitFileType = wrapper.application; includeInIndex = 0; path = Needs.app; sourceTree = BUILT_PRODUCTS_DIR; };
		772441E71A229F6A0092ACAA /* Info.plist */ = {isa = PBXFileReference; lastKnownFileType = text.plist.xml; path = Info.plist; sourceTree = "<group>"; };
		772441E81A229F6A0092ACAA /* AppDelegate.swift */ = {isa = PBXFileReference; lastKnownFileType = sourcecode.swift; path = AppDelegate.swift; sourceTree = "<group>"; };
		772441EA1A229F6A0092ACAA /* ViewController.swift */ = {isa = PBXFileReference; lastKnownFileType = sourcecode.swift; path = ViewController.swift; sourceTree = "<group>"; };
		772441ED1A229F6A0092ACAA /* Base */ = {isa = PBXFileReference; lastKnownFileType = file.storyboard; name = Base; path = Base.lproj/Main.storyboard; sourceTree = "<group>"; };
		772441EF1A229F6A0092ACAA /* Images.xcassets */ = {isa = PBXFileReference; lastKnownFileType = folder.assetcatalog; path = Images.xcassets; sourceTree = "<group>"; };
		772441F21A229F6A0092ACAA /* Base */ = {isa = PBXFileReference; lastKnownFileType = file.xib; name = Base; path = Base.lproj/LaunchScreen.xib; sourceTree = "<group>"; };
		772441F81A229F6A0092ACAA /* NeedsTests.xctest */ = {isa = PBXFileReference; explicitFileType = wrapper.cfbundle; includeInIndex = 0; path = NeedsTests.xctest; sourceTree = BUILT_PRODUCTS_DIR; };
		772441FD1A229F6A0092ACAA /* Info.plist */ = {isa = PBXFileReference; lastKnownFileType = text.plist.xml; path = Info.plist; sourceTree = "<group>"; };
		772441FE1A229F6A0092ACAA /* NeedsTests.swift */ = {isa = PBXFileReference; lastKnownFileType = sourcecode.swift; path = NeedsTests.swift; sourceTree = "<group>"; };
/* End PBXFileReference section */

/* Begin PBXFrameworksBuildPhase section */
		772441E01A229F6A0092ACAA /* Frameworks */ = {
			isa = PBXFrameworksBuildPhase;
			buildActionMask = 2147483647;
			files = (
			);
			runOnlyForDeploymentPostprocessing = 0;
		};
		772441F51A229F6A0092ACAA /* Frameworks */ = {
			isa = PBXFrameworksBuildPhase;
			buildActionMask = 2147483647;
			files = (
			);
			runOnlyForDeploymentPostprocessing = 0;
		};
/* End PBXFrameworksBuildPhase section */

/* Begin PBXGroup section */
		772441DA1A229F6A0092ACAA = {
			isa = PBXGroup;
			children = (
				772441E51A229F6A0092ACAA /* Needs */,
				772441FB1A229F6A0092ACAA /* NeedsTests */,
				772441E41A229F6A0092ACAA /* Products */,
			);
			sourceTree = "<group>";
		};
		772441E41A229F6A0092ACAA /* Products */ = {
			isa = PBXGroup;
			children = (
				772441E31A229F6A0092ACAA /* Needs.app */,
				772441F81A229F6A0092ACAA /* NeedsTests.xctest */,
			);
			name = Products;
			sourceTree = "<group>";
		};
		772441E51A229F6A0092ACAA /* Needs */ = {
			isa = PBXGroup;
			children = (
				772441E81A229F6A0092ACAA /* AppDelegate.swift */,
				772441EA1A229F6A0092ACAA /* ViewController.swift */,
				772441EC1A229F6A0092ACAA /* Main.storyboard */,
				772441EF1A229F6A0092ACAA /* Images.xcassets */,
				772441F11A229F6A0092ACAA /* LaunchScreen.xib */,
				772441E61A229F6A0092ACAA /* Supporting Files */,
			);
			path = Needs;
			sourceTree = "<group>";
		};
		772441E61A229F6A0092ACAA /* Supporting Files */ = {
			isa = PBXGroup;
			children = (
				772441E71A229F6A0092ACAA /* Info.plist */,
			);
			name = "Supporting Files";
			sourceTree = "<group>";
		};
		772441FB1A229F6A0092ACAA /* NeedsTests */ = {
			isa = PBXGroup;
			children = (
				772441FE1A229F6A0092ACAA /* NeedsTests.swift */,
				772441FC1A229F6A0092ACAA /* Supporting Files */,
			);
			path = NeedsTests;
			sourceTree = "<group>";
		};
		772441FC1A229F6A0092ACAA /* Supporting Files */ = {
			isa = PBXGroup;
			children = (
				772441FD1A229F6A0092ACAA /* Info.plist */,
			);
			name = "Supporting Files";
			sourceTree = "<group>";
		};
/* End PBXGroup section */

/* Begin PBXNativeTarget section */
		772441E21A229F6A0092ACAA /* Needs */ = {
			isa = PBXNativeTarget;
			buildConfigurationList = 772442021A229F6A0092ACAA /* Build configuration list for PBXNativeTarget "Needs" */;
			buildPhases = (
				772441DF1A229F6A0092ACAA /* Sources */,
				772441E01A229F6A0092ACAA /* Frameworks */,
				772441E11A229F6A0092ACAA /* Resources */,
			);
			buildRules = (
			);
			dependencies = (
			);
			name = Needs;
			productName = Needs;
			productReference = 772441E31A229F6A0092ACAA /* Needs.app */;
			productType = "com.apple.product-type.application";
		};
		772441F71A229F6A0092ACAA /* NeedsTests */ = {
			isa = PBXNativeTarget;
			buildConfigurationList = 772442051A229F6A0092ACAA /* Build configuration list for PBXNativeTarget "NeedsTests" */;
			buildPhases = (
				772441F41A229F6A0092ACAA /* Sources */,
				772441F51A229F6A0092ACAA /* Frameworks */,
				772441F61A229F6A0092ACAA /* Resources */,
			);
			buildRules = (
			);
			dependencies = (
				772441FA1A229F6A0092ACAA /* PBXTargetDependency */,
			);
			name = NeedsTests;
			productName = NeedsTests;
			productReference = 772441F81A229F6A0092ACAA /* NeedsTests.xctest */;
			productType = "com.apple.product-type.bundle.unit-test";
		};
/* End PBXNativeTarget section */

/* Begin PBXProject section */
		772441DB1A229F6A0092ACAA /* Project object */ = {
			isa = PBXProject;
			attributes = {
				LastUpgradeCheck = 0610;
				ORGANIZATIONNAME = "Eric Lee";
				TargetAttributes = {
					772441E21A229F6A0092ACAA = {
						CreatedOnToolsVersion = 6.1;
					};
					772441F71A229F6A0092ACAA = {
						CreatedOnToolsVersion = 6.1;
						TestTargetID = 772441E21A229F6A0092ACAA;
					};
				};
			};
			buildConfigurationList = 772441DE1A229F6A0092ACAA /* Build configuration list for PBXProject "Needs" */;
			compatibilityVersion = "Xcode 3.2";
			developmentRegion = English;
			hasScannedForEncodings = 0;
			knownRegions = (
				en,
				Base,
			);
			mainGroup = 772441DA1A229F6A0092ACAA;
			productRefGroup = 772441E41A229F6A0092ACAA /* Products */;
			projectDirPath = "";
			projectRoot = "";
			targets = (
				772441E21A229F6A0092ACAA /* Needs */,
				772441F71A229F6A0092ACAA /* NeedsTests */,
			);
		};
/* End PBXProject section */

/* Begin PBXResourcesBuildPhase section */
		772441E11A229F6A0092ACAA /* Resources */ = {
			isa = PBXResourcesBuildPhase;
			buildActionMask = 2147483647;
			files = (
				772441EE1A229F6A0092ACAA /* Main.storyboard in Resources */,
				772441F31A229F6A0092ACAA /* LaunchScreen.xib in Resources */,
				772441F01A229F6A0092ACAA /* Images.xcassets in Resources */,
			);
			runOnlyForDeploymentPostprocessing = 0;
		};
		772441F61A229F6A0092ACAA /* Resources */ = {
			isa = PBXResourcesBuildPhase;
			buildActionMask = 2147483647;
			files = (
			);
			runOnlyForDeploymentPostprocessing = 0;
		};
/* End PBXResourcesBuildPhase section */

/* Begin PBXSourcesBuildPhase section */
		772441DF1A229F6A0092ACAA /* Sources */ = {
			isa = PBXSourcesBuildPhase;
			buildActionMask = 2147483647;
			files = (
				772441EB1A229F6A0092ACAA /* ViewController.swift in Sources */,
				772441E91A229F6A0092ACAA /* AppDelegate.swift in Sources */,
			);
			runOnlyForDeploymentPostprocessing = 0;
		};
		772441F41A229F6A0092ACAA /* Sources */ = {
			isa = PBXSourcesBuildPhase;
			buildActionMask = 2147483647;
			files = (
				772441FF1A229F6A0092ACAA /* NeedsTests.swift in Sources */,
			);
			runOnlyForDeploymentPostprocessing = 0;
		};
/* End PBXSourcesBuildPhase section */

/* Begin PBXTargetDependency section */
		772441FA1A229F6A0092ACAA /* PBXTargetDependency */ = {
			isa = PBXTargetDependency;
			target = 772441E21A229F6A0092ACAA /* Needs */;
			targetProxy = 772441F91A229F6A0092ACAA /* PBXContainerItemProxy */;
		};
/* End PBXTargetDependency section */

/* Begin PBXVariantGroup section */
		772441EC1A229F6A0092ACAA /* Main.storyboard */ = {
			isa = PBXVariantGroup;
			children = (
				772441ED1A229F6A0092ACAA /* Base */,
			);
			name = Main.storyboard;
			sourceTree = "<group>";
		};
		772441F11A229F6A0092ACAA /* LaunchScreen.xib */ = {
			isa = PBXVariantGroup;
			children = (
				772441F21A229F6A0092ACAA /* Base */,
			);
			name = LaunchScreen.xib;
			sourceTree = "<group>";
		};
/* End PBXVariantGroup section */

/* Begin XCBuildConfiguration section */
		772442001A229F6A0092ACAA /* Debug */ = {
			isa = XCBuildConfiguration;
			buildSettings = {
				ALWAYS_SEARCH_USER_PATHS = NO;
				CLANG_CXX_LANGUAGE_STANDARD = "gnu++0x";
				CLANG_CXX_LIBRARY = "libc++";
				CLANG_ENABLE_MODULES = YES;
				CLANG_ENABLE_OBJC_ARC = YES;
				CLANG_WARN_BOOL_CONVERSION = YES;
				CLANG_WARN_CONSTANT_CONVERSION = YES;
				CLANG_WARN_DIRECT_OBJC_ISA_USAGE = YES_ERROR;
				CLANG_WARN_EMPTY_BODY = YES;
				CLANG_WARN_ENUM_CONVERSION = YES;
				CLANG_WARN_INT_CONVERSION = YES;
				CLANG_WARN_OBJC_ROOT_CLASS = YES_ERROR;
				CLANG_WARN_UNREACHABLE_CODE = YES;
				CLANG_WARN__DUPLICATE_METHOD_MATCH = YES;
				"CODE_SIGN_IDENTITY[sdk=iphoneos*]" = "iPhone Developer";
				COPY_PHASE_STRIP = NO;
				ENABLE_STRICT_OBJC_MSGSEND = YES;
				GCC_C_LANGUAGE_STANDARD = gnu99;
				GCC_DYNAMIC_NO_PIC = NO;
				GCC_OPTIMIZATION_LEVEL = 0;
				GCC_PREPROCESSOR_DEFINITIONS = (
					"DEBUG=1",
					"$(inherited)",
				);
				GCC_SYMBOLS_PRIVATE_EXTERN = NO;
				GCC_WARN_64_TO_32_BIT_CONVERSION = YES;
				GCC_WARN_ABOUT_RETURN_TYPE = YES_ERROR;
				GCC_WARN_UNDECLARED_SELECTOR = YES;
				GCC_WARN_UNINITIALIZED_AUTOS = YES_AGGRESSIVE;
				GCC_WARN_UNUSED_FUNCTION = YES;
				GCC_WARN_UNUSED_VARIABLE = YES;
				IPHONEOS_DEPLOYMENT_TARGET = 8.1;
				MTL_ENABLE_DEBUG_INFO = YES;
				ONLY_ACTIVE_ARCH = YES;
				SDKROOT = iphoneos;
				SWIFT_OPTIMIZATION_LEVEL = "-Onone";
			};
			name = Debug;
		};
		772442011A229F6A0092ACAA /* Release */ = {
			isa = XCBuildConfiguration;
			buildSettings = {
				ALWAYS_SEARCH_USER_PATHS = NO;
				CLANG_CXX_LANGUAGE_STANDARD = "gnu++0x";
				CLANG_CXX_LIBRARY = "libc++";
				CLANG_ENABLE_MODULES = YES;
				CLANG_ENABLE_OBJC_ARC = YES;
				CLANG_WARN_BOOL_CONVERSION = YES;
				CLANG_WARN_CONSTANT_CONVERSION = YES;
				CLANG_WARN_DIRECT_OBJC_ISA_USAGE = YES_ERROR;
				CLANG_WARN_EMPTY_BODY = YES;
				CLANG_WARN_ENUM_CONVERSION = YES;
				CLANG_WARN_INT_CONVERSION = YES;
				CLANG_WARN_OBJC_ROOT_CLASS = YES_ERROR;
				CLANG_WARN_UNREACHABLE_CODE = YES;
				CLANG_WARN__DUPLICATE_METHOD_MATCH = YES;
				"CODE_SIGN_IDENTITY[sdk=iphoneos*]" = "iPhone Developer";
				COPY_PHASE_STRIP = YES;
				ENABLE_NS_ASSERTIONS = NO;
				ENABLE_STRICT_OBJC_MSGSEND = YES;
				GCC_C_LANGUAGE_STANDARD = gnu99;
				GCC_WARN_64_TO_32_BIT_CONVERSION = YES;
				GCC_WARN_ABOUT_RETURN_TYPE = YES_ERROR;
				GCC_WARN_UNDECLARED_SELECTOR = YES;
				GCC_WARN_UNINITIALIZED_AUTOS = YES_AGGRESSIVE;
				GCC_WARN_UNUSED_FUNCTION = YES;
				GCC_WARN_UNUSED_VARIABLE = YES;
				IPHONEOS_DEPLOYMENT_TARGET = 8.1;
				MTL_ENABLE_DEBUG_INFO = NO;
				SDKROOT = iphoneos;
				VALIDATE_PRODUCT = YES;
			};
			name = Release;
		};
		772442031A229F6A0092ACAA /* Debug */ = {
			isa = XCBuildConfiguration;
			buildSettings = {
				ASSETCATALOG_COMPILER_APPICON_NAME = AppIcon;
				INFOPLIST_FILE = Needs/Info.plist;
				LD_RUNPATH_SEARCH_PATHS = "$(inherited) @executable_path/Frameworks";
				PRODUCT_NAME = "$(TARGET_NAME)";
			};
			name = Debug;
		};
		772442041A229F6A0092ACAA /* Release */ = {
			isa = XCBuildConfiguration;
			buildSettings = {
				ASSETCATALOG_COMPILER_APPICON_NAME = AppIcon;
				INFOPLIST_FILE = Needs/Info.plist;
				LD_RUNPATH_SEARCH_PATHS = "$(inherited) @executable_path/Frameworks";
				PRODUCT_NAME = "$(TARGET_NAME)";
			};
			name = Release;
		};
		772442061A229F6A0092ACAA /* Debug */ = {
			isa = XCBuildConfiguration;
			buildSettings = {
				BUNDLE_LOADER = "$(TEST_HOST)";
				FRAMEWORK_SEARCH_PATHS = (
					"$(SDKROOT)/Developer/Library/Frameworks",
					"$(inherited)",
				);
				GCC_PREPROCESSOR_DEFINITIONS = (
					"DEBUG=1",
					"$(inherited)",
				);
				INFOPLIST_FILE = NeedsTests/Info.plist;
				LD_RUNPATH_SEARCH_PATHS = "$(inherited) @executable_path/Frameworks @loader_path/Frameworks";
				PRODUCT_NAME = "$(TARGET_NAME)";
				TEST_HOST = "$(BUILT_PRODUCTS_DIR)/Needs.app/Needs";
			};
			name = Debug;
		};
		772442071A229F6A0092ACAA /* Release */ = {
			isa = XCBuildConfiguration;
			buildSettings = {
				BUNDLE_LOADER = "$(TEST_HOST)";
				FRAMEWORK_SEARCH_PATHS = (
					"$(SDKROOT)/Developer/Library/Frameworks",
					"$(inherited)",
				);
				INFOPLIST_FILE = NeedsTests/Info.plist;
				LD_RUNPATH_SEARCH_PATHS = "$(inherited) @executable_path/Frameworks @loader_path/Frameworks";
				PRODUCT_NAME = "$(TARGET_NAME)";
				TEST_HOST = "$(BUILT_PRODUCTS_DIR)/Needs.app/Needs";
			};
			name = Release;
		};
/* End XCBuildConfiguration section */

/* Begin XCConfigurationList section */
		772441DE1A229F6A0092ACAA /* Build configuration list for PBXProject "Needs" */ = {
			isa = XCConfigurationList;
			buildConfigurations = (
				772442001A229F6A0092ACAA /* Debug */,
				772442011A229F6A0092ACAA /* Release */,
			);
			defaultConfigurationIsVisible = 0;
			defaultConfigurationName = Release;
		};
		772442021A229F6A0092ACAA /* Build configuration list for PBXNativeTarget "Needs" */ = {
			isa = XCConfigurationList;
			buildConfigurations = (
				772442031A229F6A0092ACAA /* Debug */,
				772442041A229F6A0092ACAA /* Release */,
			);
			defaultConfigurationIsVisible = 0;
		};
		772442051A229F6A0092ACAA /* Build configuration list for PBXNativeTarget "NeedsTests" */ = {
			isa = XCConfigurationList;
			buildConfigurations = (
				772442061A229F6A0092ACAA /* Debug */,
				772442071A229F6A0092ACAA /* Release */,
			);
			defaultConfigurationIsVisible = 0;
		};
/* End XCConfigurationList section */
	};
	rootObject = 772441DB1A229F6A0092ACAA /* Project object */;
}
